
Microsoft Visual Studio Solution File, Format Version 12.00
# Visual Studio Version 16
VisualStudioVersion = 16.0.30711.63
MinimumVisualStudioVersion = 10.0.40219.1
Project("{FAE04EC0-301F-11D3-BF4B-00C04F79EFBC}") = "Overloading Method", "Overloading Method\Overloading Method.csproj", "{F1DF8666-83B5-426D-A754-EDF33A13A3F0}"
EndProject
Global
	GlobalSection(SolutionConfigurationPlatforms) = preSolution
		Debug|Any CPU = Debug|Any CPU
		Release|Any CPU = Release|Any CPU
	EndGlobalSection
	GlobalSection(ProjectConfigurationPlatforms) = postSolution
		{F1DF8666-83B5-426D-A754-EDF33A13A3F0}.Debug|Any CPU.ActiveCfg = Debug|Any CPU
		{F1DF8666-83B5-426D-A754-EDF33A13A3F0}.Debug|Any CPU.Build.0 = Debug|Any CPU
		{F1DF8666-83B5-426D-A754-EDF33A13A3F0}.Release|Any CPU.ActiveCfg = Release|Any CPU
		{F1DF8666-83B5-426D-A754-EDF33A13A3F0}.Release|Any CPU.Build.0 = Release|Any CPU
	EndGlobalSection
	GlobalSection(SolutionProperties) = preSolution
		HideSolutionNode = FALSE
	EndGlobalSection
	GlobalSection(ExtensibilityGlobals) = postSolution
		SolutionGuid = {6FFA7856-8D3F-4E1F-AFF4-423351E14309}
	EndGlobalSection
EndGlobal
